
Microsoft Visual Studio Solution File, Format Version 12.00
# Visual Studio Version 16
VisualStudioVersion = 16.0.30523.141
MinimumVisualStudioVersion = 10.0.40219.1
Project("{FAE04EC0-301F-11D3-BF4B-00C04F79EFBC}") = "Modul01_HelloWPF", "HelloWPF\Modul01_HelloWPF.csproj", "{CE50D5CA-F020-421C-B569-DD551A857399}"
EndProject
Project("{FAE04EC0-301F-11D3-BF4B-00C04F79EFBC}") = "Modul02_Controls", "Controls\Modul02_Controls.csproj", "{11D99B37-463E-4C62-935E-B8F514CCF57A}"
EndProject
Project("{FAE04EC0-301F-11D3-BF4B-00C04F79EFBC}") = "Modul03.1_Container", "Modul03.1_Container\Modul03.1_Container.csproj", "{6FA51DCA-F387-439F-A1D7-668E3849B9BB}"
EndProject
Project("{FAE04EC0-301F-11D3-BF4B-00C04F79EFBC}") = "Modul03.2_TextboxUebung", "Modul03.2_TextboxUebung\Modul03.2_TextboxUebung.csproj", "{E2D2916A-D5B1-4886-A828-2565679171C0}"
EndProject
Global
	GlobalSection(SolutionConfigurationPlatforms) = preSolution
		Debug|Any CPU = Debug|Any CPU
		Release|Any CPU = Release|Any CPU
	EndGlobalSection
	GlobalSection(ProjectConfigurationPlatforms) = postSolution
		{CE50D5CA-F020-421C-B569-DD551A857399}.Debug|Any CPU.ActiveCfg = Debug|Any CPU
		{CE50D5CA-F020-421C-B569-DD551A857399}.Debug|Any CPU.Build.0 = Debug|Any CPU
		{CE50D5CA-F020-421C-B569-DD551A857399}.Release|Any CPU.ActiveCfg = Release|Any CPU
		{CE50D5CA-F020-421C-B569-DD551A857399}.Release|Any CPU.Build.0 = Release|Any CPU
		{11D99B37-463E-4C62-935E-B8F514CCF57A}.Debug|Any CPU.ActiveCfg = Debug|Any CPU
		{11D99B37-463E-4C62-935E-B8F514CCF57A}.Debug|Any CPU.Build.0 = Debug|Any CPU
		{11D99B37-463E-4C62-935E-B8F514CCF57A}.Release|Any CPU.ActiveCfg = Release|Any CPU
		{11D99B37-463E-4C62-935E-B8F514CCF57A}.Release|Any CPU.Build.0 = Release|Any CPU
		{6FA51DCA-F387-439F-A1D7-668E3849B9BB}.Debug|Any CPU.ActiveCfg = Debug|Any CPU
		{6FA51DCA-F387-439F-A1D7-668E3849B9BB}.Debug|Any CPU.Build.0 = Debug|Any CPU
		{6FA51DCA-F387-439F-A1D7-668E3849B9BB}.Release|Any CPU.ActiveCfg = Release|Any CPU
		{6FA51DCA-F387-439F-A1D7-668E3849B9BB}.Release|Any CPU.Build.0 = Release|Any CPU
		{E2D2916A-D5B1-4886-A828-2565679171C0}.Debug|Any CPU.ActiveCfg = Debug|Any CPU
		{E2D2916A-D5B1-4886-A828-2565679171C0}.Debug|Any CPU.Build.0 = Debug|Any CPU
		{E2D2916A-D5B1-4886-A828-2565679171C0}.Release|Any CPU.ActiveCfg = Release|Any CPU
		{E2D2916A-D5B1-4886-A828-2565679171C0}.Release|Any CPU.Build.0 = Release|Any CPU
	EndGlobalSection
	GlobalSection(SolutionProperties) = preSolution
		HideSolutionNode = FALSE
	EndGlobalSection
	GlobalSection(ExtensibilityGlobals) = postSolution
		SolutionGuid = {620FD1ED-C6E0-4801-994C-B1BA82D9B033}
	EndGlobalSection
EndGlobal
