
Microsoft Visual Studio Solution File, Format Version 12.00
# Visual Studio Version 16
VisualStudioVersion = 16.0.30523.141
MinimumVisualStudioVersion = 10.0.40219.1
Project("{9A19103F-16F7-4668-BE54-9A1E7A4F7556}") = "Modul01_HelloWPF", "HelloWPF\Modul01_HelloWPF.csproj", "{CE50D5CA-F020-421C-B569-DD551A857399}"
EndProject
Project("{9A19103F-16F7-4668-BE54-9A1E7A4F7556}") = "Modul02_Controls", "Controls\Modul02_Controls.csproj", "{11D99B37-463E-4C62-935E-B8F514CCF57A}"
EndProject
Project("{9A19103F-16F7-4668-BE54-9A1E7A4F7556}") = "Modul03.1_Container", "Modul03.1_Container\Modul03.1_Container.csproj", "{6FA51DCA-F387-439F-A1D7-668E3849B9BB}"
EndProject
Project("{9A19103F-16F7-4668-BE54-9A1E7A4F7556}") = "Modul03.2_TextboxUebung", "Modul03.2_TextboxUebung\Modul03.2_TextboxUebung.csproj", "{E2D2916A-D5B1-4886-A828-2565679171C0}"
EndProject
Project("{9A19103F-16F7-4668-BE54-9A1E7A4F7556}") = "Personendatenbank", "Personendatenbank\Personendatenbank.csproj", "{8BABC5D7-6C6F-4C02-BDD0-0C3AA1781D3E}"
EndProject
Project("{9A19103F-16F7-4668-BE54-9A1E7A4F7556}") = "Modul04_RoutedEvents", "RoutedEvents\Modul04_RoutedEvents.csproj", "{AF14B38D-D92C-4A59-9DB2-0D56CECE940E}"
EndProject
Project("{9A19103F-16F7-4668-BE54-9A1E7A4F7556}") = "Modul05_Resources", "Ressourcen\Modul05_Resources.csproj", "{B4B91DC2-6B47-49B8-BF21-103A37062B1F}"
EndProject
Project("{9A19103F-16F7-4668-BE54-9A1E7A4F7556}") = "Modul06.1_Bindings", "Bindings\Modul06.1_Bindings.csproj", "{9168C70D-3B6F-4FF3-A78B-D54565D5EC0D}"
EndProject
Project("{9A19103F-16F7-4668-BE54-9A1E7A4F7556}") = "Modul06.2_ValueConverter", "ValueConverter\Modul06.2_ValueConverter.csproj", "{901F83C2-7DBD-4209-823F-546558DC19BE}"
EndProject
Project("{9A19103F-16F7-4668-BE54-9A1E7A4F7556}") = "Modul07_Styles", "Styles\Modul07_Styles.csproj", "{445BB324-ABA6-46AA-AEF0-C2EDE65C05D4}"
EndProject
Project("{9A19103F-16F7-4668-BE54-9A1E7A4F7556}") = "Modul08_Templates", "Templates\Modul08_Templates.csproj", "{69B8680C-636F-492E-90F0-882E3B0921D5}"
EndProject
Project("{9A19103F-16F7-4668-BE54-9A1E7A4F7556}") = "Modul09_Validation", "Validation\Modul09_Validation.csproj", "{63A4B847-6772-4378-ACBB-4FDA1F9E9A56}"
EndProject
Project("{9A19103F-16F7-4668-BE54-9A1E7A4F7556}") = "Modul10_RelativeSources", "RelativeSources\Modul10_RelativeSources.csproj", "{B7A2D967-182A-4109-8A08-D084A860819E}"
EndProject
Project("{9A19103F-16F7-4668-BE54-9A1E7A4F7556}") = "Modul11_Trigger", "Trigger\Modul11_Trigger.csproj", "{AC473291-3781-4EFD-9C4D-CD4FDB91F2C3}"
EndProject
Project("{9A19103F-16F7-4668-BE54-9A1E7A4F7556}") = "Modul12_MyUserControls", "MyUserControls\Modul12_MyUserControls.csproj", "{18814DDD-3E18-448C-94CE-BED81AF97FB2}"
EndProject
Project("{FAE04EC0-301F-11D3-BF4B-00C04F79EFBC}") = "Commands", "Commands\Commands.csproj", "{D2C931E0-53E4-44F4-88B2-9E7C006B7FCC}"
EndProject
Global
	GlobalSection(SolutionConfigurationPlatforms) = preSolution
		Debug|Any CPU = Debug|Any CPU
		Release|Any CPU = Release|Any CPU
	EndGlobalSection
	GlobalSection(ProjectConfigurationPlatforms) = postSolution
		{CE50D5CA-F020-421C-B569-DD551A857399}.Debug|Any CPU.ActiveCfg = Debug|Any CPU
		{CE50D5CA-F020-421C-B569-DD551A857399}.Debug|Any CPU.Build.0 = Debug|Any CPU
		{CE50D5CA-F020-421C-B569-DD551A857399}.Release|Any CPU.ActiveCfg = Release|Any CPU
		{CE50D5CA-F020-421C-B569-DD551A857399}.Release|Any CPU.Build.0 = Release|Any CPU
		{11D99B37-463E-4C62-935E-B8F514CCF57A}.Debug|Any CPU.ActiveCfg = Debug|Any CPU
		{11D99B37-463E-4C62-935E-B8F514CCF57A}.Debug|Any CPU.Build.0 = Debug|Any CPU
		{11D99B37-463E-4C62-935E-B8F514CCF57A}.Release|Any CPU.ActiveCfg = Release|Any CPU
		{11D99B37-463E-4C62-935E-B8F514CCF57A}.Release|Any CPU.Build.0 = Release|Any CPU
		{6FA51DCA-F387-439F-A1D7-668E3849B9BB}.Debug|Any CPU.ActiveCfg = Debug|Any CPU
		{6FA51DCA-F387-439F-A1D7-668E3849B9BB}.Debug|Any CPU.Build.0 = Debug|Any CPU
		{6FA51DCA-F387-439F-A1D7-668E3849B9BB}.Release|Any CPU.ActiveCfg = Release|Any CPU
		{6FA51DCA-F387-439F-A1D7-668E3849B9BB}.Release|Any CPU.Build.0 = Release|Any CPU
		{E2D2916A-D5B1-4886-A828-2565679171C0}.Debug|Any CPU.ActiveCfg = Debug|Any CPU
		{E2D2916A-D5B1-4886-A828-2565679171C0}.Debug|Any CPU.Build.0 = Debug|Any CPU
		{E2D2916A-D5B1-4886-A828-2565679171C0}.Release|Any CPU.ActiveCfg = Release|Any CPU
		{E2D2916A-D5B1-4886-A828-2565679171C0}.Release|Any CPU.Build.0 = Release|Any CPU
		{8BABC5D7-6C6F-4C02-BDD0-0C3AA1781D3E}.Debug|Any CPU.ActiveCfg = Debug|Any CPU
		{8BABC5D7-6C6F-4C02-BDD0-0C3AA1781D3E}.Debug|Any CPU.Build.0 = Debug|Any CPU
		{8BABC5D7-6C6F-4C02-BDD0-0C3AA1781D3E}.Release|Any CPU.ActiveCfg = Release|Any CPU
		{8BABC5D7-6C6F-4C02-BDD0-0C3AA1781D3E}.Release|Any CPU.Build.0 = Release|Any CPU
		{AF14B38D-D92C-4A59-9DB2-0D56CECE940E}.Debug|Any CPU.ActiveCfg = Debug|Any CPU
		{AF14B38D-D92C-4A59-9DB2-0D56CECE940E}.Debug|Any CPU.Build.0 = Debug|Any CPU
		{AF14B38D-D92C-4A59-9DB2-0D56CECE940E}.Release|Any CPU.ActiveCfg = Release|Any CPU
		{AF14B38D-D92C-4A59-9DB2-0D56CECE940E}.Release|Any CPU.Build.0 = Release|Any CPU
		{B4B91DC2-6B47-49B8-BF21-103A37062B1F}.Debug|Any CPU.ActiveCfg = Debug|Any CPU
		{B4B91DC2-6B47-49B8-BF21-103A37062B1F}.Debug|Any CPU.Build.0 = Debug|Any CPU
		{B4B91DC2-6B47-49B8-BF21-103A37062B1F}.Release|Any CPU.ActiveCfg = Release|Any CPU
		{B4B91DC2-6B47-49B8-BF21-103A37062B1F}.Release|Any CPU.Build.0 = Release|Any CPU
		{9168C70D-3B6F-4FF3-A78B-D54565D5EC0D}.Debug|Any CPU.ActiveCfg = Debug|Any CPU
		{9168C70D-3B6F-4FF3-A78B-D54565D5EC0D}.Debug|Any CPU.Build.0 = Debug|Any CPU
		{9168C70D-3B6F-4FF3-A78B-D54565D5EC0D}.Release|Any CPU.ActiveCfg = Release|Any CPU
		{9168C70D-3B6F-4FF3-A78B-D54565D5EC0D}.Release|Any CPU.Build.0 = Release|Any CPU
		{901F83C2-7DBD-4209-823F-546558DC19BE}.Debug|Any CPU.ActiveCfg = Debug|Any CPU
		{901F83C2-7DBD-4209-823F-546558DC19BE}.Debug|Any CPU.Build.0 = Debug|Any CPU
		{901F83C2-7DBD-4209-823F-546558DC19BE}.Release|Any CPU.ActiveCfg = Release|Any CPU
		{901F83C2-7DBD-4209-823F-546558DC19BE}.Release|Any CPU.Build.0 = Release|Any CPU
		{445BB324-ABA6-46AA-AEF0-C2EDE65C05D4}.Debug|Any CPU.ActiveCfg = Debug|Any CPU
		{445BB324-ABA6-46AA-AEF0-C2EDE65C05D4}.Debug|Any CPU.Build.0 = Debug|Any CPU
		{445BB324-ABA6-46AA-AEF0-C2EDE65C05D4}.Release|Any CPU.ActiveCfg = Release|Any CPU
		{445BB324-ABA6-46AA-AEF0-C2EDE65C05D4}.Release|Any CPU.Build.0 = Release|Any CPU
		{69B8680C-636F-492E-90F0-882E3B0921D5}.Debug|Any CPU.ActiveCfg = Debug|Any CPU
		{69B8680C-636F-492E-90F0-882E3B0921D5}.Debug|Any CPU.Build.0 = Debug|Any CPU
		{69B8680C-636F-492E-90F0-882E3B0921D5}.Release|Any CPU.ActiveCfg = Release|Any CPU
		{69B8680C-636F-492E-90F0-882E3B0921D5}.Release|Any CPU.Build.0 = Release|Any CPU
		{63A4B847-6772-4378-ACBB-4FDA1F9E9A56}.Debug|Any CPU.ActiveCfg = Debug|Any CPU
		{63A4B847-6772-4378-ACBB-4FDA1F9E9A56}.Debug|Any CPU.Build.0 = Debug|Any CPU
		{63A4B847-6772-4378-ACBB-4FDA1F9E9A56}.Release|Any CPU.ActiveCfg = Release|Any CPU
		{63A4B847-6772-4378-ACBB-4FDA1F9E9A56}.Release|Any CPU.Build.0 = Release|Any CPU
		{B7A2D967-182A-4109-8A08-D084A860819E}.Debug|Any CPU.ActiveCfg = Debug|Any CPU
		{B7A2D967-182A-4109-8A08-D084A860819E}.Debug|Any CPU.Build.0 = Debug|Any CPU
		{B7A2D967-182A-4109-8A08-D084A860819E}.Release|Any CPU.ActiveCfg = Release|Any CPU
		{B7A2D967-182A-4109-8A08-D084A860819E}.Release|Any CPU.Build.0 = Release|Any CPU
		{AC473291-3781-4EFD-9C4D-CD4FDB91F2C3}.Debug|Any CPU.ActiveCfg = Debug|Any CPU
		{AC473291-3781-4EFD-9C4D-CD4FDB91F2C3}.Debug|Any CPU.Build.0 = Debug|Any CPU
		{AC473291-3781-4EFD-9C4D-CD4FDB91F2C3}.Release|Any CPU.ActiveCfg = Release|Any CPU
		{AC473291-3781-4EFD-9C4D-CD4FDB91F2C3}.Release|Any CPU.Build.0 = Release|Any CPU
		{18814DDD-3E18-448C-94CE-BED81AF97FB2}.Debug|Any CPU.ActiveCfg = Debug|Any CPU
		{18814DDD-3E18-448C-94CE-BED81AF97FB2}.Debug|Any CPU.Build.0 = Debug|Any CPU
		{18814DDD-3E18-448C-94CE-BED81AF97FB2}.Release|Any CPU.ActiveCfg = Release|Any CPU
		{18814DDD-3E18-448C-94CE-BED81AF97FB2}.Release|Any CPU.Build.0 = Release|Any CPU
		{D2C931E0-53E4-44F4-88B2-9E7C006B7FCC}.Debug|Any CPU.ActiveCfg = Debug|Any CPU
		{D2C931E0-53E4-44F4-88B2-9E7C006B7FCC}.Debug|Any CPU.Build.0 = Debug|Any CPU
		{D2C931E0-53E4-44F4-88B2-9E7C006B7FCC}.Release|Any CPU.ActiveCfg = Release|Any CPU
		{D2C931E0-53E4-44F4-88B2-9E7C006B7FCC}.Release|Any CPU.Build.0 = Release|Any CPU
	EndGlobalSection
	GlobalSection(SolutionProperties) = preSolution
		HideSolutionNode = FALSE
	EndGlobalSection
	GlobalSection(ExtensibilityGlobals) = postSolution
		SolutionGuid = {620FD1ED-C6E0-4801-994C-B1BA82D9B033}
	EndGlobalSection
EndGlobal
